
Microsoft Visual Studio Solution File, Format Version 12.00
# Visual Studio Version 16
VisualStudioVersion = 16.0.808.10
MinimumVisualStudioVersion = 10.0.40219.1
Project("{FAE04EC0-301F-11D3-BF4B-00C04F79EFBC}") = "Colleksiyon", "Colleksiyon\Colleksiyon.csproj", "{1A227E8D-E039-43D4-BF37-7AD6A205CDF0}"
EndProject
Global
	GlobalSection(SolutionConfigurationPlatforms) = preSolution
		Debug|Any CPU = Debug|Any CPU
		Release|Any CPU = Release|Any CPU
	EndGlobalSection
	GlobalSection(ProjectConfigurationPlatforms) = postSolution
		{1A227E8D-E039-43D4-BF37-7AD6A205CDF0}.Debug|Any CPU.ActiveCfg = Debug|Any CPU
		{1A227E8D-E039-43D4-BF37-7AD6A205CDF0}.Debug|Any CPU.Build.0 = Debug|Any CPU
		{1A227E8D-E039-43D4-BF37-7AD6A205CDF0}.Release|Any CPU.ActiveCfg = Release|Any CPU
		{1A227E8D-E039-43D4-BF37-7AD6A205CDF0}.Release|Any CPU.Build.0 = Release|Any CPU
	EndGlobalSection
	GlobalSection(SolutionProperties) = preSolution
		HideSolutionNode = FALSE
	EndGlobalSection
	GlobalSection(ExtensibilityGlobals) = postSolution
		SolutionGuid = {6C6FFB37-D8A2-4697-9A58-E1AAB9CB4F7E}
	EndGlobalSection
EndGlobal
